
Microsoft Visual Studio Solution File, Format Version 12.00
# Visual Studio Version 17
VisualStudioVersion = 17.4.33110.190
MinimumVisualStudioVersion = 10.0.40219.1
Project("{8BC9CEB8-8B4A-11D0-8D11-00A0C91BC942}") = "2193", "2193\2193.vcxproj", "{6F350ADA-223D-4BE7-BCAC-A1D56072F8EA}"
EndProject
Global
	GlobalSection(SolutionConfigurationPlatforms) = preSolution
		Debug|x64 = Debug|x64
		Debug|x86 = Debug|x86
		Release|x64 = Release|x64
		Release|x86 = Release|x86
	EndGlobalSection
	GlobalSection(ProjectConfigurationPlatforms) = postSolution
		{6F350ADA-223D-4BE7-BCAC-A1D56072F8EA}.Debug|x64.ActiveCfg = Debug|x64
		{6F350ADA-223D-4BE7-BCAC-A1D56072F8EA}.Debug|x64.Build.0 = Debug|x64
		{6F350ADA-223D-4BE7-BCAC-A1D56072F8EA}.Debug|x86.ActiveCfg = Debug|Win32
		{6F350ADA-223D-4BE7-BCAC-A1D56072F8EA}.Debug|x86.Build.0 = Debug|Win32
		{6F350ADA-223D-4BE7-BCAC-A1D56072F8EA}.Release|x64.ActiveCfg = Release|x64
		{6F350ADA-223D-4BE7-BCAC-A1D56072F8EA}.Release|x64.Build.0 = Release|x64
		{6F350ADA-223D-4BE7-BCAC-A1D56072F8EA}.Release|x86.ActiveCfg = Release|Win32
		{6F350ADA-223D-4BE7-BCAC-A1D56072F8EA}.Release|x86.Build.0 = Release|Win32
	EndGlobalSection
	GlobalSection(SolutionProperties) = preSolution
		HideSolutionNode = FALSE
	EndGlobalSection
	GlobalSection(ExtensibilityGlobals) = postSolution
		SolutionGuid = {2B356C2E-6342-415B-A513-503DD6351DC1}
	EndGlobalSection
EndGlobal
