
Microsoft Visual Studio Solution File, Format Version 12.00
# Visual Studio Version 17
VisualStudioVersion = 17.4.33110.190
MinimumVisualStudioVersion = 10.0.40219.1
Project("{8BC9CEB8-8B4A-11D0-8D11-00A0C91BC942}") = "18111", "18111\18111.vcxproj", "{7FFDCA9C-EAEE-4982-A6BE-7DDF35D73193}"
EndProject
Global
	GlobalSection(SolutionConfigurationPlatforms) = preSolution
		Debug|x64 = Debug|x64
		Debug|x86 = Debug|x86
		Release|x64 = Release|x64
		Release|x86 = Release|x86
	EndGlobalSection
	GlobalSection(ProjectConfigurationPlatforms) = postSolution
		{7FFDCA9C-EAEE-4982-A6BE-7DDF35D73193}.Debug|x64.ActiveCfg = Debug|x64
		{7FFDCA9C-EAEE-4982-A6BE-7DDF35D73193}.Debug|x64.Build.0 = Debug|x64
		{7FFDCA9C-EAEE-4982-A6BE-7DDF35D73193}.Debug|x86.ActiveCfg = Debug|Win32
		{7FFDCA9C-EAEE-4982-A6BE-7DDF35D73193}.Debug|x86.Build.0 = Debug|Win32
		{7FFDCA9C-EAEE-4982-A6BE-7DDF35D73193}.Release|x64.ActiveCfg = Release|x64
		{7FFDCA9C-EAEE-4982-A6BE-7DDF35D73193}.Release|x64.Build.0 = Release|x64
		{7FFDCA9C-EAEE-4982-A6BE-7DDF35D73193}.Release|x86.ActiveCfg = Release|Win32
		{7FFDCA9C-EAEE-4982-A6BE-7DDF35D73193}.Release|x86.Build.0 = Release|Win32
	EndGlobalSection
	GlobalSection(SolutionProperties) = preSolution
		HideSolutionNode = FALSE
	EndGlobalSection
	GlobalSection(ExtensibilityGlobals) = postSolution
		SolutionGuid = {993F100D-7DE3-467A-96D1-2DC4046FC189}
	EndGlobalSection
EndGlobal
