
Microsoft Visual Studio Solution File, Format Version 12.00
# Visual Studio Version 17
VisualStudioVersion = 17.4.33110.190
MinimumVisualStudioVersion = 10.0.40219.1
Project("{8BC9CEB8-8B4A-11D0-8D11-00A0C91BC942}") = "9095", "9095\9095.vcxproj", "{C581CE67-AAB2-431F-BD94-5AC886D47ACB}"
EndProject
Global
	GlobalSection(SolutionConfigurationPlatforms) = preSolution
		Debug|x64 = Debug|x64
		Debug|x86 = Debug|x86
		Release|x64 = Release|x64
		Release|x86 = Release|x86
	EndGlobalSection
	GlobalSection(ProjectConfigurationPlatforms) = postSolution
		{C581CE67-AAB2-431F-BD94-5AC886D47ACB}.Debug|x64.ActiveCfg = Debug|x64
		{C581CE67-AAB2-431F-BD94-5AC886D47ACB}.Debug|x64.Build.0 = Debug|x64
		{C581CE67-AAB2-431F-BD94-5AC886D47ACB}.Debug|x86.ActiveCfg = Debug|Win32
		{C581CE67-AAB2-431F-BD94-5AC886D47ACB}.Debug|x86.Build.0 = Debug|Win32
		{C581CE67-AAB2-431F-BD94-5AC886D47ACB}.Release|x64.ActiveCfg = Release|x64
		{C581CE67-AAB2-431F-BD94-5AC886D47ACB}.Release|x64.Build.0 = Release|x64
		{C581CE67-AAB2-431F-BD94-5AC886D47ACB}.Release|x86.ActiveCfg = Release|Win32
		{C581CE67-AAB2-431F-BD94-5AC886D47ACB}.Release|x86.Build.0 = Release|Win32
	EndGlobalSection
	GlobalSection(SolutionProperties) = preSolution
		HideSolutionNode = FALSE
	EndGlobalSection
	GlobalSection(ExtensibilityGlobals) = postSolution
		SolutionGuid = {8D43D7A3-58BA-4468-AF58-F03A836DD162}
	EndGlobalSection
EndGlobal
